
Microsoft Visual Studio Solution File, Format Version 11.00
# Visual Studio 2010
Project("{FAE04EC0-301F-11D3-BF4B-00C04F79EFBC}") = "Assembly-CSharp", "Assembly-CSharp.csproj", "{9bc53831-faf1-2675-d794-1e00657b8b59}"
EndProject
Project("{FAE04EC0-301F-11D3-BF4B-00C04F79EFBC}") = "AimingRig", "AimingRig.csproj", "{154cb53a-9291-3b03-38b8-78b8c5156f92}"
EndProject
Global
	GlobalSection(SolutionConfigurationPlatforms) = preSolution
		Debug|Any CPU = Debug|Any CPU
	EndGlobalSection
	GlobalSection(ProjectConfigurationPlatforms) = postSolution
		{9bc53831-faf1-2675-d794-1e00657b8b59}.Debug|Any CPU.ActiveCfg = Debug|Any CPU
		{9bc53831-faf1-2675-d794-1e00657b8b59}.Debug|Any CPU.Build.0 = Debug|Any CPU
		{154cb53a-9291-3b03-38b8-78b8c5156f92}.Debug|Any CPU.ActiveCfg = Debug|Any CPU
		{154cb53a-9291-3b03-38b8-78b8c5156f92}.Debug|Any CPU.Build.0 = Debug|Any CPU
	EndGlobalSection
	GlobalSection(SolutionProperties) = preSolution
		HideSolutionNode = FALSE
	EndGlobalSection
EndGlobal
